
Microsoft Visual Studio Solution File, Format Version 15.00
# Visual Studio 15
Project("{FAE04EC0-301F-11D3-BF4B-00C04F79EFBC}") = "identity_server", "identity_server.csproj", "{95201740-70A1-442D-A9DC-AFAA41AE7919}"
EndProject
Project("{FAE04EC0-301F-11D3-BF4B-00C04F79EFBC}") = "IdentityServer4", "..\IdentityServer4\IdentityServer4.csproj", "{8A76B2BB-99EC-4AF7-ABFE-5E0FD2C1F2BC}"
EndProject
Global
	GlobalSection(SolutionConfigurationPlatforms) = preSolution
		Debug|Any CPU = Debug|Any CPU
		Release|Any CPU = Release|Any CPU
	EndGlobalSection
	GlobalSection(ProjectConfigurationPlatforms) = postSolution
		{95201740-70A1-442D-A9DC-AFAA41AE7919}.Debug|Any CPU.ActiveCfg = Debug|Any CPU
		{95201740-70A1-442D-A9DC-AFAA41AE7919}.Debug|Any CPU.Build.0 = Debug|Any CPU
		{95201740-70A1-442D-A9DC-AFAA41AE7919}.Release|Any CPU.ActiveCfg = Release|Any CPU
		{95201740-70A1-442D-A9DC-AFAA41AE7919}.Release|Any CPU.Build.0 = Release|Any CPU
		{8A76B2BB-99EC-4AF7-ABFE-5E0FD2C1F2BC}.Debug|Any CPU.ActiveCfg = Debug|Any CPU
		{8A76B2BB-99EC-4AF7-ABFE-5E0FD2C1F2BC}.Debug|Any CPU.Build.0 = Debug|Any CPU
		{8A76B2BB-99EC-4AF7-ABFE-5E0FD2C1F2BC}.Release|Any CPU.ActiveCfg = Release|Any CPU
		{8A76B2BB-99EC-4AF7-ABFE-5E0FD2C1F2BC}.Release|Any CPU.Build.0 = Release|Any CPU
	EndGlobalSection
EndGlobal
